
Microsoft Visual Studio Solution File, Format Version 12.00
# Visual Studio Version 17
VisualStudioVersion = 17.0.31612.314
MinimumVisualStudioVersion = 10.0.40219.1
Project("{8BC9CEB8-8B4A-11D0-8D11-00A0C91BC942}") = "RE302", "RE302\RE302.vcxproj", "{7A808B4B-EB2E-4F08-A26F-DFEF7B4F74C4}"
EndProject
Global
	GlobalSection(SolutionConfigurationPlatforms) = preSolution
		Debug|x64 = Debug|x64
		Debug|x86 = Debug|x86
		Release|x64 = Release|x64
		Release|x86 = Release|x86
	EndGlobalSection
	GlobalSection(ProjectConfigurationPlatforms) = postSolution
		{7A808B4B-EB2E-4F08-A26F-DFEF7B4F74C4}.Debug|x64.ActiveCfg = Debug|x64
		{7A808B4B-EB2E-4F08-A26F-DFEF7B4F74C4}.Debug|x64.Build.0 = Debug|x64
		{7A808B4B-EB2E-4F08-A26F-DFEF7B4F74C4}.Debug|x86.ActiveCfg = Debug|Win32
		{7A808B4B-EB2E-4F08-A26F-DFEF7B4F74C4}.Debug|x86.Build.0 = Debug|Win32
		{7A808B4B-EB2E-4F08-A26F-DFEF7B4F74C4}.Release|x64.ActiveCfg = Release|x64
		{7A808B4B-EB2E-4F08-A26F-DFEF7B4F74C4}.Release|x64.Build.0 = Release|x64
		{7A808B4B-EB2E-4F08-A26F-DFEF7B4F74C4}.Release|x86.ActiveCfg = Release|Win32
		{7A808B4B-EB2E-4F08-A26F-DFEF7B4F74C4}.Release|x86.Build.0 = Release|Win32
	EndGlobalSection
	GlobalSection(SolutionProperties) = preSolution
		HideSolutionNode = FALSE
	EndGlobalSection
	GlobalSection(ExtensibilityGlobals) = postSolution
		SolutionGuid = {43133DD8-9EC3-47F2-A3AE-86B021288DCA}
	EndGlobalSection
EndGlobal
